
Microsoft Visual Studio Solution File, Format Version 12.00
# Visual Studio Version 17
VisualStudioVersion = 17.2.32630.192
MinimumVisualStudioVersion = 10.0.40219.1
Project("{FAE04EC0-301F-11D3-BF4B-00C04F79EFBC}") = "Store.Server", "Store\Server\Store.Server.csproj", "{0635AC3E-B72A-4895-98E6-BB98875B922F}"
EndProject
Project("{FAE04EC0-301F-11D3-BF4B-00C04F79EFBC}") = "Store.Client", "Store\Client\Store.Client.csproj", "{A8EA3CED-48F9-481A-8B72-B19734B51C18}"
EndProject
Project("{FAE04EC0-301F-11D3-BF4B-00C04F79EFBC}") = "Store.Shared", "Store\Shared\Store.Shared.csproj", "{AAC42AB3-A979-40D2-8D2E-DEDCA8F032A1}"
EndProject
Global
	GlobalSection(SolutionConfigurationPlatforms) = preSolution
		Debug|Any CPU = Debug|Any CPU
		Release|Any CPU = Release|Any CPU
	EndGlobalSection
	GlobalSection(ProjectConfigurationPlatforms) = postSolution
		{0635AC3E-B72A-4895-98E6-BB98875B922F}.Debug|Any CPU.ActiveCfg = Debug|Any CPU
		{0635AC3E-B72A-4895-98E6-BB98875B922F}.Debug|Any CPU.Build.0 = Debug|Any CPU
		{0635AC3E-B72A-4895-98E6-BB98875B922F}.Release|Any CPU.ActiveCfg = Release|Any CPU
		{0635AC3E-B72A-4895-98E6-BB98875B922F}.Release|Any CPU.Build.0 = Release|Any CPU
		{A8EA3CED-48F9-481A-8B72-B19734B51C18}.Debug|Any CPU.ActiveCfg = Debug|Any CPU
		{A8EA3CED-48F9-481A-8B72-B19734B51C18}.Debug|Any CPU.Build.0 = Debug|Any CPU
		{A8EA3CED-48F9-481A-8B72-B19734B51C18}.Release|Any CPU.ActiveCfg = Release|Any CPU
		{A8EA3CED-48F9-481A-8B72-B19734B51C18}.Release|Any CPU.Build.0 = Release|Any CPU
		{AAC42AB3-A979-40D2-8D2E-DEDCA8F032A1}.Debug|Any CPU.ActiveCfg = Debug|Any CPU
		{AAC42AB3-A979-40D2-8D2E-DEDCA8F032A1}.Debug|Any CPU.Build.0 = Debug|Any CPU
		{AAC42AB3-A979-40D2-8D2E-DEDCA8F032A1}.Release|Any CPU.ActiveCfg = Release|Any CPU
		{AAC42AB3-A979-40D2-8D2E-DEDCA8F032A1}.Release|Any CPU.Build.0 = Release|Any CPU
	EndGlobalSection
	GlobalSection(SolutionProperties) = preSolution
		HideSolutionNode = FALSE
	EndGlobalSection
	GlobalSection(ExtensibilityGlobals) = postSolution
		SolutionGuid = {2B9512C8-6203-4AAD-B381-F719FC10CB12}
	EndGlobalSection
EndGlobal
